<?xml version="1.0" encoding="UTF-8"?>
<CodeBlocks_project_file>
	<FileVersion major="1" minor="6"/>
	<Project>
		<Option title="main"/>
		<Option makefile_is_custom="1"/>
		<Option compiler="gcc"/>
		<Option virtualFolders="CMake Files\;"/>
		<Build>
			<Target title="all">
				<Option working_dir="/Users/karlrombauts/CLionProjects/asteroids-3d"/>
				<Option type="4"/>
				<MakeCommands>
					<Build command="/usr/bin/make -j8 -f &quot;/Users/karlrombauts/CLionProjects/asteroids-3d/Makefile&quot;  VERBOSE=1 all"/>
					<CompileFile command="/usr/bin/make -j8 -f &quot;/Users/karlrombauts/CLionProjects/asteroids-3d/Makefile&quot;  VERBOSE=1 &quot;$file&quot;"/>
					<Clean command="/usr/bin/make -j8 -f &quot;/Users/karlrombauts/CLionProjects/asteroids-3d/Makefile&quot;  VERBOSE=1 clean"/>
					<DistClean command="/usr/bin/make -j8 -f &quot;/Users/karlrombauts/CLionProjects/asteroids-3d/Makefile&quot;  VERBOSE=1 clean"/>
				</MakeCommands>
			</Target>
			<Target title="rebuild_cache">
				<Option working_dir="/Users/karlrombauts/CLionProjects/asteroids-3d"/>
				<Option type="4"/>
				<MakeCommands>
					<Build command="/usr/bin/make -j8 -f &quot;/Users/karlrombauts/CLionProjects/asteroids-3d/Makefile&quot;  VERBOSE=1 rebuild_cache"/>
					<CompileFile command="/usr/bin/make -j8 -f &quot;/Users/karlrombauts/CLionProjects/asteroids-3d/Makefile&quot;  VERBOSE=1 &quot;$file&quot;"/>
					<Clean command="/usr/bin/make -j8 -f &quot;/Users/karlrombauts/CLionProjects/asteroids-3d/Makefile&quot;  VERBOSE=1 clean"/>
					<DistClean command="/usr/bin/make -j8 -f &quot;/Users/karlrombauts/CLionProjects/asteroids-3d/Makefile&quot;  VERBOSE=1 clean"/>
				</MakeCommands>
			</Target>
			<Target title="edit_cache">
				<Option working_dir="/Users/karlrombauts/CLionProjects/asteroids-3d"/>
				<Option type="4"/>
				<MakeCommands>
					<Build command="/usr/bin/make -j8 -f &quot;/Users/karlrombauts/CLionProjects/asteroids-3d/Makefile&quot;  VERBOSE=1 edit_cache"/>
					<CompileFile command="/usr/bin/make -j8 -f &quot;/Users/karlrombauts/CLionProjects/asteroids-3d/Makefile&quot;  VERBOSE=1 &quot;$file&quot;"/>
					<Clean command="/usr/bin/make -j8 -f &quot;/Users/karlrombauts/CLionProjects/asteroids-3d/Makefile&quot;  VERBOSE=1 clean"/>
					<DistClean command="/usr/bin/make -j8 -f &quot;/Users/karlrombauts/CLionProjects/asteroids-3d/Makefile&quot;  VERBOSE=1 clean"/>
				</MakeCommands>
			</Target>
			<Target title="main">
				<Option output="/Users/karlrombauts/CLionProjects/asteroids-3d/main" prefix_auto="0" extension_auto="0"/>
				<Option working_dir="/Users/karlrombauts/CLionProjects/asteroids-3d"/>
				<Option object_output="./"/>
				<Option type="1"/>
				<Option compiler="gcc"/>
				<Compiler>
					<Add directory="/Library/Developer/CommandLineTools/usr/include/c++/v1"/>
					<Add directory="/usr/local/include"/>
					<Add directory="/Library/Developer/CommandLineTools/usr/lib/clang/10.0.1/include"/>
					<Add directory="/Library/Developer/CommandLineTools/usr/include"/>
					<Add directory="/System/Library/Frameworks"/>
					<Add directory="/Library/Frameworks"/>
				</Compiler>
				<MakeCommands>
					<Build command="/usr/bin/make -j8 -f &quot;/Users/karlrombauts/CLionProjects/asteroids-3d/Makefile&quot;  VERBOSE=1 main"/>
					<CompileFile command="/usr/bin/make -j8 -f &quot;/Users/karlrombauts/CLionProjects/asteroids-3d/Makefile&quot;  VERBOSE=1 &quot;$file&quot;"/>
					<Clean command="/usr/bin/make -j8 -f &quot;/Users/karlrombauts/CLionProjects/asteroids-3d/Makefile&quot;  VERBOSE=1 clean"/>
					<DistClean command="/usr/bin/make -j8 -f &quot;/Users/karlrombauts/CLionProjects/asteroids-3d/Makefile&quot;  VERBOSE=1 clean"/>
				</MakeCommands>
			</Target>
			<Target title="main/fast">
				<Option output="/Users/karlrombauts/CLionProjects/asteroids-3d/main" prefix_auto="0" extension_auto="0"/>
				<Option working_dir="/Users/karlrombauts/CLionProjects/asteroids-3d"/>
				<Option object_output="./"/>
				<Option type="1"/>
				<Option compiler="gcc"/>
				<Compiler>
					<Add directory="/Library/Developer/CommandLineTools/usr/include/c++/v1"/>
					<Add directory="/usr/local/include"/>
					<Add directory="/Library/Developer/CommandLineTools/usr/lib/clang/10.0.1/include"/>
					<Add directory="/Library/Developer/CommandLineTools/usr/include"/>
					<Add directory="/System/Library/Frameworks"/>
					<Add directory="/Library/Frameworks"/>
				</Compiler>
				<MakeCommands>
					<Build command="/usr/bin/make -j8 -f &quot;/Users/karlrombauts/CLionProjects/asteroids-3d/Makefile&quot;  VERBOSE=1 main/fast"/>
					<CompileFile command="/usr/bin/make -j8 -f &quot;/Users/karlrombauts/CLionProjects/asteroids-3d/Makefile&quot;  VERBOSE=1 &quot;$file&quot;"/>
					<Clean command="/usr/bin/make -j8 -f &quot;/Users/karlrombauts/CLionProjects/asteroids-3d/Makefile&quot;  VERBOSE=1 clean"/>
					<DistClean command="/usr/bin/make -j8 -f &quot;/Users/karlrombauts/CLionProjects/asteroids-3d/Makefile&quot;  VERBOSE=1 clean"/>
				</MakeCommands>
			</Target>
		</Build>
		<Unit filename="/Users/karlrombauts/CLionProjects/asteroids-3d/Components/Asteroid.h">
			<Option target="main"/>
		</Unit>
		<Unit filename="/Users/karlrombauts/CLionProjects/asteroids-3d/Components/BlackHole.h">
			<Option target="main"/>
		</Unit>
		<Unit filename="/Users/karlrombauts/CLionProjects/asteroids-3d/Components/BoundingCircle.h">
			<Option target="main"/>
		</Unit>
		<Unit filename="/Users/karlrombauts/CLionProjects/asteroids-3d/Components/Bullet.h">
			<Option target="main"/>
		</Unit>
		<Unit filename="/Users/karlrombauts/CLionProjects/asteroids-3d/Components/Child.h">
			<Option target="main"/>
		</Unit>
		<Unit filename="/Users/karlrombauts/CLionProjects/asteroids-3d/Components/Collision.h">
			<Option target="main"/>
		</Unit>
		<Unit filename="/Users/karlrombauts/CLionProjects/asteroids-3d/Components/Damage.h">
			<Option target="main"/>
		</Unit>
		<Unit filename="/Users/karlrombauts/CLionProjects/asteroids-3d/Components/Destroy.h">
			<Option target="main"/>
		</Unit>
		<Unit filename="/Users/karlrombauts/CLionProjects/asteroids-3d/Components/FiringBullet.h">
			<Option target="main"/>
		</Unit>
		<Unit filename="/Users/karlrombauts/CLionProjects/asteroids-3d/Components/GravityForce.h">
			<Option target="main"/>
		</Unit>
		<Unit filename="/Users/karlrombauts/CLionProjects/asteroids-3d/Components/Health.h">
			<Option target="main"/>
		</Unit>
		<Unit filename="/Users/karlrombauts/CLionProjects/asteroids-3d/Components/HealthBar.h">
			<Option target="main"/>
		</Unit>
		<Unit filename="/Users/karlrombauts/CLionProjects/asteroids-3d/Components/Impact.h">
			<Option target="main"/>
		</Unit>
		<Unit filename="/Users/karlrombauts/CLionProjects/asteroids-3d/Components/Kinematics.h">
			<Option target="main"/>
		</Unit>
		<Unit filename="/Users/karlrombauts/CLionProjects/asteroids-3d/Components/Line.h">
			<Option target="main"/>
		</Unit>
		<Unit filename="/Users/karlrombauts/CLionProjects/asteroids-3d/Components/OutsideArena.h">
			<Option target="main"/>
		</Unit>
		<Unit filename="/Users/karlrombauts/CLionProjects/asteroids-3d/Components/Particle.h">
			<Option target="main"/>
		</Unit>
		<Unit filename="/Users/karlrombauts/CLionProjects/asteroids-3d/Components/ParticleSource.h">
			<Option target="main"/>
		</Unit>
		<Unit filename="/Users/karlrombauts/CLionProjects/asteroids-3d/Components/PlayerInput.h">
			<Option target="main"/>
		</Unit>
		<Unit filename="/Users/karlrombauts/CLionProjects/asteroids-3d/Components/Shape.h">
			<Option target="main"/>
		</Unit>
		<Unit filename="/Users/karlrombauts/CLionProjects/asteroids-3d/Components/SpaceShip.h">
			<Option target="main"/>
		</Unit>
		<Unit filename="/Users/karlrombauts/CLionProjects/asteroids-3d/Components/SplitOnDeath.h">
			<Option target="main"/>
		</Unit>
		<Unit filename="/Users/karlrombauts/CLionProjects/asteroids-3d/Components/Texture.h">
			<Option target="main"/>
		</Unit>
		<Unit filename="/Users/karlrombauts/CLionProjects/asteroids-3d/Components/Transform.h">
			<Option target="main"/>
		</Unit>
		<Unit filename="/Users/karlrombauts/CLionProjects/asteroids-3d/Components/Wall.h">
			<Option target="main"/>
		</Unit>
		<Unit filename="/Users/karlrombauts/CLionProjects/asteroids-3d/Coordinates.cpp">
			<Option target="main"/>
		</Unit>
		<Unit filename="/Users/karlrombauts/CLionProjects/asteroids-3d/Coordinates.h">
			<Option target="main"/>
		</Unit>
		<Unit filename="/Users/karlrombauts/CLionProjects/asteroids-3d/GameConfig.cpp">
			<Option target="main"/>
		</Unit>
		<Unit filename="/Users/karlrombauts/CLionProjects/asteroids-3d/GameConfig.h">
			<Option target="main"/>
		</Unit>
		<Unit filename="/Users/karlrombauts/CLionProjects/asteroids-3d/GameModel.cpp">
			<Option target="main"/>
		</Unit>
		<Unit filename="/Users/karlrombauts/CLionProjects/asteroids-3d/GameModel.h">
			<Option target="main"/>
		</Unit>
		<Unit filename="/Users/karlrombauts/CLionProjects/asteroids-3d/Globals.h">
			<Option target="main"/>
		</Unit>
		<Unit filename="/Users/karlrombauts/CLionProjects/asteroids-3d/Helpers.cpp">
			<Option target="main"/>
		</Unit>
		<Unit filename="/Users/karlrombauts/CLionProjects/asteroids-3d/Helpers.h">
			<Option target="main"/>
		</Unit>
		<Unit filename="/Users/karlrombauts/CLionProjects/asteroids-3d/KeyboardState.cpp">
			<Option target="main"/>
		</Unit>
		<Unit filename="/Users/karlrombauts/CLionProjects/asteroids-3d/KeyboardState.h">
			<Option target="main"/>
		</Unit>
		<Unit filename="/Users/karlrombauts/CLionProjects/asteroids-3d/OpenGL.h">
			<Option target="main"/>
		</Unit>
		<Unit filename="/Users/karlrombauts/CLionProjects/asteroids-3d/Quaternion.cpp">
			<Option target="main"/>
		</Unit>
		<Unit filename="/Users/karlrombauts/CLionProjects/asteroids-3d/Quaternion.h">
			<Option target="main"/>
		</Unit>
		<Unit filename="/Users/karlrombauts/CLionProjects/asteroids-3d/Systems/AsteroidSystem.cpp">
			<Option target="main"/>
		</Unit>
		<Unit filename="/Users/karlrombauts/CLionProjects/asteroids-3d/Systems/AsteroidSystem.h">
			<Option target="main"/>
		</Unit>
		<Unit filename="/Users/karlrombauts/CLionProjects/asteroids-3d/Systems/BlackHoleSystem.cpp">
			<Option target="main"/>
		</Unit>
		<Unit filename="/Users/karlrombauts/CLionProjects/asteroids-3d/Systems/BlackHoleSystem.h">
			<Option target="main"/>
		</Unit>
		<Unit filename="/Users/karlrombauts/CLionProjects/asteroids-3d/Systems/BulletCleanupSystem.cpp">
			<Option target="main"/>
		</Unit>
		<Unit filename="/Users/karlrombauts/CLionProjects/asteroids-3d/Systems/BulletCleanupSystem.h">
			<Option target="main"/>
		</Unit>
		<Unit filename="/Users/karlrombauts/CLionProjects/asteroids-3d/Systems/CollisionSystem.cpp">
			<Option target="main"/>
		</Unit>
		<Unit filename="/Users/karlrombauts/CLionProjects/asteroids-3d/Systems/CollisionSystem.h">
			<Option target="main"/>
		</Unit>
		<Unit filename="/Users/karlrombauts/CLionProjects/asteroids-3d/Systems/DamageSystem.cpp">
			<Option target="main"/>
		</Unit>
		<Unit filename="/Users/karlrombauts/CLionProjects/asteroids-3d/Systems/DamageSystem.h">
			<Option target="main"/>
		</Unit>
		<Unit filename="/Users/karlrombauts/CLionProjects/asteroids-3d/Systems/DestroySystem.cpp">
			<Option target="main"/>
		</Unit>
		<Unit filename="/Users/karlrombauts/CLionProjects/asteroids-3d/Systems/DestroySystem.h">
			<Option target="main"/>
		</Unit>
		<Unit filename="/Users/karlrombauts/CLionProjects/asteroids-3d/Systems/FiringSystem.cpp">
			<Option target="main"/>
		</Unit>
		<Unit filename="/Users/karlrombauts/CLionProjects/asteroids-3d/Systems/FiringSystem.h">
			<Option target="main"/>
		</Unit>
		<Unit filename="/Users/karlrombauts/CLionProjects/asteroids-3d/Systems/ImpactCleanupSystem.cpp">
			<Option target="main"/>
		</Unit>
		<Unit filename="/Users/karlrombauts/CLionProjects/asteroids-3d/Systems/ImpactCleanupSystem.h">
			<Option target="main"/>
		</Unit>
		<Unit filename="/Users/karlrombauts/CLionProjects/asteroids-3d/Systems/OutOfBoundsSystem.cpp">
			<Option target="main"/>
		</Unit>
		<Unit filename="/Users/karlrombauts/CLionProjects/asteroids-3d/Systems/OutOfBoundsSystem.h">
			<Option target="main"/>
		</Unit>
		<Unit filename="/Users/karlrombauts/CLionProjects/asteroids-3d/Systems/ParticleSystem.cpp">
			<Option target="main"/>
		</Unit>
		<Unit filename="/Users/karlrombauts/CLionProjects/asteroids-3d/Systems/ParticleSystem.h">
			<Option target="main"/>
		</Unit>
		<Unit filename="/Users/karlrombauts/CLionProjects/asteroids-3d/Systems/PhysicsSystem.cpp">
			<Option target="main"/>
		</Unit>
		<Unit filename="/Users/karlrombauts/CLionProjects/asteroids-3d/Systems/PhysicsSystem.h">
			<Option target="main"/>
		</Unit>
		<Unit filename="/Users/karlrombauts/CLionProjects/asteroids-3d/Systems/PlayerInputSystem.cpp">
			<Option target="main"/>
		</Unit>
		<Unit filename="/Users/karlrombauts/CLionProjects/asteroids-3d/Systems/PlayerInputSystem.h">
			<Option target="main"/>
		</Unit>
		<Unit filename="/Users/karlrombauts/CLionProjects/asteroids-3d/Systems/RenderSystem.cpp">
			<Option target="main"/>
		</Unit>
		<Unit filename="/Users/karlrombauts/CLionProjects/asteroids-3d/Systems/RenderSystem.h">
			<Option target="main"/>
		</Unit>
		<Unit filename="/Users/karlrombauts/CLionProjects/asteroids-3d/Systems/ShipImpactSystem.cpp">
			<Option target="main"/>
		</Unit>
		<Unit filename="/Users/karlrombauts/CLionProjects/asteroids-3d/Systems/ShipImpactSystem.h">
			<Option target="main"/>
		</Unit>
		<Unit filename="/Users/karlrombauts/CLionProjects/asteroids-3d/Systems/System.h">
			<Option target="main"/>
		</Unit>
		<Unit filename="/Users/karlrombauts/CLionProjects/asteroids-3d/Systems/WarningSystem.cpp">
			<Option target="main"/>
		</Unit>
		<Unit filename="/Users/karlrombauts/CLionProjects/asteroids-3d/Systems/WarningSystem.h">
			<Option target="main"/>
		</Unit>
		<Unit filename="/Users/karlrombauts/CLionProjects/asteroids-3d/Types.h">
			<Option target="main"/>
		</Unit>
		<Unit filename="/Users/karlrombauts/CLionProjects/asteroids-3d/Vec3.cpp">
			<Option target="main"/>
		</Unit>
		<Unit filename="/Users/karlrombauts/CLionProjects/asteroids-3d/Vec3.h">
			<Option target="main"/>
		</Unit>
		<Unit filename="/Users/karlrombauts/CLionProjects/asteroids-3d/ecs/Component.h">
			<Option target="main"/>
		</Unit>
		<Unit filename="/Users/karlrombauts/CLionProjects/asteroids-3d/ecs/Entity.cpp">
			<Option target="main"/>
		</Unit>
		<Unit filename="/Users/karlrombauts/CLionProjects/asteroids-3d/ecs/Entity.h">
			<Option target="main"/>
		</Unit>
		<Unit filename="/Users/karlrombauts/CLionProjects/asteroids-3d/ecs/EntityManager.cpp">
			<Option target="main"/>
		</Unit>
		<Unit filename="/Users/karlrombauts/CLionProjects/asteroids-3d/ecs/EntityManager.h">
			<Option target="main"/>
		</Unit>
		<Unit filename="/Users/karlrombauts/CLionProjects/asteroids-3d/ecs/Service.cpp">
			<Option target="main"/>
		</Unit>
		<Unit filename="/Users/karlrombauts/CLionProjects/asteroids-3d/ecs/Service.h">
			<Option target="main"/>
		</Unit>
		<Unit filename="/Users/karlrombauts/CLionProjects/asteroids-3d/enum/TextAlignment.h">
			<Option target="main"/>
		</Unit>
		<Unit filename="/Users/karlrombauts/CLionProjects/asteroids-3d/main.cpp">
			<Option target="main"/>
		</Unit>
		<Unit filename="/Users/karlrombauts/CLionProjects/asteroids-3d/CMakeLists.txt">
			<Option virtualFolder="CMake Files\"/>
		</Unit>
	</Project>
</CodeBlocks_project_file>
